
Microsoft Visual Studio Solution File, Format Version 12.00
# Visual Studio Version 17
VisualStudioVersion = 17.4.33213.308
MinimumVisualStudioVersion = 10.0.40219.1
Project("{8BC9CEB8-8B4A-11D0-8D11-00A0C91BC942}") = "labTen-q1", "labTen-q1\labTen-q1.vcxproj", "{B23646B1-5A99-43FE-A99D-ED0E62E7B205}"
EndProject
Global
	GlobalSection(SolutionConfigurationPlatforms) = preSolution
		Debug|x64 = Debug|x64
		Debug|x86 = Debug|x86
		Release|x64 = Release|x64
		Release|x86 = Release|x86
	EndGlobalSection
	GlobalSection(ProjectConfigurationPlatforms) = postSolution
		{B23646B1-5A99-43FE-A99D-ED0E62E7B205}.Debug|x64.ActiveCfg = Debug|x64
		{B23646B1-5A99-43FE-A99D-ED0E62E7B205}.Debug|x64.Build.0 = Debug|x64
		{B23646B1-5A99-43FE-A99D-ED0E62E7B205}.Debug|x86.ActiveCfg = Debug|Win32
		{B23646B1-5A99-43FE-A99D-ED0E62E7B205}.Debug|x86.Build.0 = Debug|Win32
		{B23646B1-5A99-43FE-A99D-ED0E62E7B205}.Release|x64.ActiveCfg = Release|x64
		{B23646B1-5A99-43FE-A99D-ED0E62E7B205}.Release|x64.Build.0 = Release|x64
		{B23646B1-5A99-43FE-A99D-ED0E62E7B205}.Release|x86.ActiveCfg = Release|Win32
		{B23646B1-5A99-43FE-A99D-ED0E62E7B205}.Release|x86.Build.0 = Release|Win32
	EndGlobalSection
	GlobalSection(SolutionProperties) = preSolution
		HideSolutionNode = FALSE
	EndGlobalSection
	GlobalSection(ExtensibilityGlobals) = postSolution
		SolutionGuid = {2DCA9AB5-0D68-486B-83EC-59049020C71C}
	EndGlobalSection
EndGlobal
