
Microsoft Visual Studio Solution File, Format Version 12.00
# Visual Studio Version 17
VisualStudioVersion = 17.4.33213.308
MinimumVisualStudioVersion = 10.0.40219.1
Project("{8BC9CEB8-8B4A-11D0-8D11-00A0C91BC942}") = "A2-Q1[22K4149]", "A2-Q1[22K4149]\A2-Q1[22K4149].vcxproj", "{E7A45549-9F12-4144-A125-02B12FFA2E62}"
EndProject
Global
	GlobalSection(SolutionConfigurationPlatforms) = preSolution
		Debug|x64 = Debug|x64
		Debug|x86 = Debug|x86
		Release|x64 = Release|x64
		Release|x86 = Release|x86
	EndGlobalSection
	GlobalSection(ProjectConfigurationPlatforms) = postSolution
		{E7A45549-9F12-4144-A125-02B12FFA2E62}.Debug|x64.ActiveCfg = Debug|x64
		{E7A45549-9F12-4144-A125-02B12FFA2E62}.Debug|x64.Build.0 = Debug|x64
		{E7A45549-9F12-4144-A125-02B12FFA2E62}.Debug|x86.ActiveCfg = Debug|Win32
		{E7A45549-9F12-4144-A125-02B12FFA2E62}.Debug|x86.Build.0 = Debug|Win32
		{E7A45549-9F12-4144-A125-02B12FFA2E62}.Release|x64.ActiveCfg = Release|x64
		{E7A45549-9F12-4144-A125-02B12FFA2E62}.Release|x64.Build.0 = Release|x64
		{E7A45549-9F12-4144-A125-02B12FFA2E62}.Release|x86.ActiveCfg = Release|Win32
		{E7A45549-9F12-4144-A125-02B12FFA2E62}.Release|x86.Build.0 = Release|Win32
	EndGlobalSection
	GlobalSection(SolutionProperties) = preSolution
		HideSolutionNode = FALSE
	EndGlobalSection
	GlobalSection(ExtensibilityGlobals) = postSolution
		SolutionGuid = {4074A890-2FF5-4308-8297-9096790E4D15}
	EndGlobalSection
EndGlobal
