
Microsoft Visual Studio Solution File, Format Version 12.00
# Visual Studio Version 17
VisualStudioVersion = 17.4.33213.308
MinimumVisualStudioVersion = 10.0.40219.1
Project("{8BC9CEB8-8B4A-11D0-8D11-00A0C91BC942}") = "labTen-q4", "labTen-q4\labTen-q4.vcxproj", "{0EE7ABA0-A499-4CC2-967A-2156BF6F2FD3}"
EndProject
Global
	GlobalSection(SolutionConfigurationPlatforms) = preSolution
		Debug|x64 = Debug|x64
		Debug|x86 = Debug|x86
		Release|x64 = Release|x64
		Release|x86 = Release|x86
	EndGlobalSection
	GlobalSection(ProjectConfigurationPlatforms) = postSolution
		{0EE7ABA0-A499-4CC2-967A-2156BF6F2FD3}.Debug|x64.ActiveCfg = Debug|x64
		{0EE7ABA0-A499-4CC2-967A-2156BF6F2FD3}.Debug|x64.Build.0 = Debug|x64
		{0EE7ABA0-A499-4CC2-967A-2156BF6F2FD3}.Debug|x86.ActiveCfg = Debug|Win32
		{0EE7ABA0-A499-4CC2-967A-2156BF6F2FD3}.Debug|x86.Build.0 = Debug|Win32
		{0EE7ABA0-A499-4CC2-967A-2156BF6F2FD3}.Release|x64.ActiveCfg = Release|x64
		{0EE7ABA0-A499-4CC2-967A-2156BF6F2FD3}.Release|x64.Build.0 = Release|x64
		{0EE7ABA0-A499-4CC2-967A-2156BF6F2FD3}.Release|x86.ActiveCfg = Release|Win32
		{0EE7ABA0-A499-4CC2-967A-2156BF6F2FD3}.Release|x86.Build.0 = Release|Win32
	EndGlobalSection
	GlobalSection(SolutionProperties) = preSolution
		HideSolutionNode = FALSE
	EndGlobalSection
	GlobalSection(ExtensibilityGlobals) = postSolution
		SolutionGuid = {4F3DCB74-4A43-456C-A1FE-D2C3CC8602D7}
	EndGlobalSection
EndGlobal
