
Microsoft Visual Studio Solution File, Format Version 12.00
# Visual Studio Version 17
VisualStudioVersion = 17.4.33213.308
MinimumVisualStudioVersion = 10.0.40219.1
Project("{8BC9CEB8-8B4A-11D0-8D11-00A0C91BC942}") = "labEleven-q4", "labEleven-q4\labEleven-q4.vcxproj", "{9A969D68-A312-44F0-AA74-D0FD3B64A813}"
EndProject
Global
	GlobalSection(SolutionConfigurationPlatforms) = preSolution
		Debug|x64 = Debug|x64
		Debug|x86 = Debug|x86
		Release|x64 = Release|x64
		Release|x86 = Release|x86
	EndGlobalSection
	GlobalSection(ProjectConfigurationPlatforms) = postSolution
		{9A969D68-A312-44F0-AA74-D0FD3B64A813}.Debug|x64.ActiveCfg = Debug|x64
		{9A969D68-A312-44F0-AA74-D0FD3B64A813}.Debug|x64.Build.0 = Debug|x64
		{9A969D68-A312-44F0-AA74-D0FD3B64A813}.Debug|x86.ActiveCfg = Debug|Win32
		{9A969D68-A312-44F0-AA74-D0FD3B64A813}.Debug|x86.Build.0 = Debug|Win32
		{9A969D68-A312-44F0-AA74-D0FD3B64A813}.Release|x64.ActiveCfg = Release|x64
		{9A969D68-A312-44F0-AA74-D0FD3B64A813}.Release|x64.Build.0 = Release|x64
		{9A969D68-A312-44F0-AA74-D0FD3B64A813}.Release|x86.ActiveCfg = Release|Win32
		{9A969D68-A312-44F0-AA74-D0FD3B64A813}.Release|x86.Build.0 = Release|Win32
	EndGlobalSection
	GlobalSection(SolutionProperties) = preSolution
		HideSolutionNode = FALSE
	EndGlobalSection
	GlobalSection(ExtensibilityGlobals) = postSolution
		SolutionGuid = {BE0F6F4F-821B-4BD1-AC77-744DEC6C3DD9}
	EndGlobalSection
EndGlobal
